PODS:
  - sharedModules (1.0)

DEPENDENCIES:
  - sharedModules (from `../shared/core/sharedModules`)

EXTERNAL SOURCES:
  sharedModules:
    :path: "../shared/core/sharedModules"

SPEC CHECKSUMS:
  sharedModules: 5c0b9ef0bb73e0ea34187594d24223f2dd670cb7

PODFILE CHECKSUM: 5b435592a2ea43ad6419c704ad2b91286594bdca

COCOAPODS: 1.11.2
