PODS:
  - sharedModules (1.0)

DEPENDENCIES:
  - sharedModules (from `../shared/core/sharedModules`)

EXTERNAL SOURCES:
  sharedModules:
    :path: "../shared/core/sharedModules"

SPEC CHECKSUMS:
  sharedModules: 6cbeef58ca00063974561cc855b087a1ae95d55f

PODFILE CHECKSUM: 4ddf24d4c22599ccc9451995d9997b7161314d91

COCOAPODS: 1.11.2
