// !$*UTF8*$!
{
	archiveVersion = 1;
	classes = {
	};
	objectVersion = 55;
	objects = {

/* Begin PBXBuildFile section */
		1154ABAA8E91F4816B6DE54D /* Pods_CyptoAppiOSTests.framework in Frameworks */ = {isa = PBXBuildFile; fileRef = 9B0FCCAA95811765B2FFF0B9 /* Pods_CyptoAppiOSTests.framework */; };
		120BED4102E22A2A86DF515D /* Pods_CyptoAppiOS_CyptoAppiOSUITests.framework in Frameworks */ = {isa = PBXBuildFile; fileRef = 690443FB5EA1CCB7D775E772 /* Pods_CyptoAppiOS_CyptoAppiOSUITests.framework */; };
		8FC1F788DF80E128B01D54ED /* Pods_CyptoAppiOS.framework in Frameworks */ = {isa = PBXBuildFile; fileRef = 12BC06FF78E9224799502B26 /* Pods_CyptoAppiOS.framework */; };
		DC058C1528F314F1001AA13F /* CyptoAppiOSApp.swift in Sources */ = {isa = PBXBuildFile; fileRef = DC058C1428F314F1001AA13F /* CyptoAppiOSApp.swift */; };
		DC058C1728F314F1001AA13F /* CryptoFeatureView.swift in Sources */ = {isa = PBXBuildFile; fileRef = DC058C1628F314F1001AA13F /* CryptoFeatureView.swift */; };
		DC058C1928F314F3001AA13F /* Assets.xcassets in Resources */ = {isa = PBXBuildFile; fileRef = DC058C1828F314F3001AA13F /* Assets.xcassets */; };
		DC058C1C28F314F3001AA13F /* Preview Assets.xcassets in Resources */ = {isa = PBXBuildFile; fileRef = DC058C1B28F314F3001AA13F /* Preview Assets.xcassets */; };
		DC058C2628F314F3001AA13F /* CyptoAppiOSTests.swift in Sources */ = {isa = PBXBuildFile; fileRef = DC058C2528F314F3001AA13F /* CyptoAppiOSTests.swift */; };
		DC058C3028F314F3001AA13F /* CyptoAppiOSUITests.swift in Sources */ = {isa = PBXBuildFile; fileRef = DC058C2F28F314F3001AA13F /* CyptoAppiOSUITests.swift */; };
		DC058C3228F314F3001AA13F /* CyptoAppiOSUITestsLaunchTests.swift in Sources */ = {isa = PBXBuildFile; fileRef = DC058C3128F314F3001AA13F /* CyptoAppiOSUITestsLaunchTests.swift */; };
		DC32597B2940F2C5001738C8 /* CryptoListViewModel.swift in Sources */ = {isa = PBXBuildFile; fileRef = DC32597A2940F2C5001738C8 /* CryptoListViewModel.swift */; };
		DC32597C2940F2C5001738C8 /* CryptoListViewModel.swift in Sources */ = {isa = PBXBuildFile; fileRef = DC32597A2940F2C5001738C8 /* CryptoListViewModel.swift */; };
		DC32597D2940F2C5001738C8 /* CryptoListViewModel.swift in Sources */ = {isa = PBXBuildFile; fileRef = DC32597A2940F2C5001738C8 /* CryptoListViewModel.swift */; };
		DC32598029413159001738C8 /* Crypto.swift in Sources */ = {isa = PBXBuildFile; fileRef = DC32597F29413159001738C8 /* Crypto.swift */; };
		DC32598129413159001738C8 /* Crypto.swift in Sources */ = {isa = PBXBuildFile; fileRef = DC32597F29413159001738C8 /* Crypto.swift */; };
		DC32598229413159001738C8 /* Crypto.swift in Sources */ = {isa = PBXBuildFile; fileRef = DC32597F29413159001738C8 /* Crypto.swift */; };
		DC325985294133C4001738C8 /* CryptoDataMock.swift in Sources */ = {isa = PBXBuildFile; fileRef = DC325984294133C4001738C8 /* CryptoDataMock.swift */; };
		DC325986294133C4001738C8 /* CryptoDataMock.swift in Sources */ = {isa = PBXBuildFile; fileRef = DC325984294133C4001738C8 /* CryptoDataMock.swift */; };
		DC325987294133C4001738C8 /* CryptoDataMock.swift in Sources */ = {isa = PBXBuildFile; fileRef = DC325984294133C4001738C8 /* CryptoDataMock.swift */; };
		DC32598B2941366E001738C8 /* CryptoComponent.swift in Sources */ = {isa = PBXBuildFile; fileRef = DC32598A2941366E001738C8 /* CryptoComponent.swift */; };
		DC32598C2941366E001738C8 /* CryptoComponent.swift in Sources */ = {isa = PBXBuildFile; fileRef = DC32598A2941366E001738C8 /* CryptoComponent.swift */; };
		DC32598D2941366E001738C8 /* CryptoComponent.swift in Sources */ = {isa = PBXBuildFile; fileRef = DC32598A2941366E001738C8 /* CryptoComponent.swift */; };
		DC3259912941DF12001738C8 /* Color.swift in Sources */ = {isa = PBXBuildFile; fileRef = DC3259902941DF12001738C8 /* Color.swift */; };
		DC3259922941DF12001738C8 /* Color.swift in Sources */ = {isa = PBXBuildFile; fileRef = DC3259902941DF12001738C8 /* Color.swift */; };
		DC3259932941DF12001738C8 /* Color.swift in Sources */ = {isa = PBXBuildFile; fileRef = DC3259902941DF12001738C8 /* Color.swift */; };
		DC3259952947A07C001738C8 /* CryptoDetailsComponent.swift in Sources */ = {isa = PBXBuildFile; fileRef = DC3259942947A07C001738C8 /* CryptoDetailsComponent.swift */; };
		DC3259962947A07C001738C8 /* CryptoDetailsComponent.swift in Sources */ = {isa = PBXBuildFile; fileRef = DC3259942947A07C001738C8 /* CryptoDetailsComponent.swift */; };
		DC3259972947A07C001738C8 /* CryptoDetailsComponent.swift in Sources */ = {isa = PBXBuildFile; fileRef = DC3259942947A07C001738C8 /* CryptoDetailsComponent.swift */; };
		DC32599D2948A5BE001738C8 /* CryptoListScreen.swift in Sources */ = {isa = PBXBuildFile; fileRef = DC32599C2948A5BE001738C8 /* CryptoListScreen.swift */; };
		DC32599E2948A5BE001738C8 /* CryptoListScreen.swift in Sources */ = {isa = PBXBuildFile; fileRef = DC32599C2948A5BE001738C8 /* CryptoListScreen.swift */; };
		DC32599F2948A5BE001738C8 /* CryptoListScreen.swift in Sources */ = {isa = PBXBuildFile; fileRef = DC32599C2948A5BE001738C8 /* CryptoListScreen.swift */; };
		DC3259A12948A710001738C8 /* CryptoDetailsScreen.swift in Sources */ = {isa = PBXBuildFile; fileRef = DC3259A02948A710001738C8 /* CryptoDetailsScreen.swift */; };
		DC3259A22948A710001738C8 /* CryptoDetailsScreen.swift in Sources */ = {isa = PBXBuildFile; fileRef = DC3259A02948A710001738C8 /* CryptoDetailsScreen.swift */; };
		DC3259A32948A710001738C8 /* CryptoDetailsScreen.swift in Sources */ = {isa = PBXBuildFile; fileRef = DC3259A02948A710001738C8 /* CryptoDetailsScreen.swift */; };
		DC86C26F295603D600567514 /* Reducer.swift in Sources */ = {isa = PBXBuildFile; fileRef = DC86C26E295603D600567514 /* Reducer.swift */; };
		DC86C270295603D600567514 /* Reducer.swift in Sources */ = {isa = PBXBuildFile; fileRef = DC86C26E295603D600567514 /* Reducer.swift */; };
		DC86C271295603D600567514 /* Reducer.swift in Sources */ = {isa = PBXBuildFile; fileRef = DC86C26E295603D600567514 /* Reducer.swift */; };
		DCB80B05294A248A00189C53 /* CryptoDetailsViewModel.swift in Sources */ = {isa = PBXBuildFile; fileRef = DCB80B04294A248A00189C53 /* CryptoDetailsViewModel.swift */; };
		DCB80B06294A248A00189C53 /* CryptoDetailsViewModel.swift in Sources */ = {isa = PBXBuildFile; fileRef = DCB80B04294A248A00189C53 /* CryptoDetailsViewModel.swift */; };
		DCB80B07294A248A00189C53 /* CryptoDetailsViewModel.swift in Sources */ = {isa = PBXBuildFile; fileRef = DCB80B04294A248A00189C53 /* CryptoDetailsViewModel.swift */; };
		DCD3F272294E07E8003484CA /* CryptoModelMapper.swift in Sources */ = {isa = PBXBuildFile; fileRef = DCD3F271294E07E8003484CA /* CryptoModelMapper.swift */; };
		DCD3F273294E07E8003484CA /* CryptoModelMapper.swift in Sources */ = {isa = PBXBuildFile; fileRef = DCD3F271294E07E8003484CA /* CryptoModelMapper.swift */; };
		DCD3F274294E07E8003484CA /* CryptoModelMapper.swift in Sources */ = {isa = PBXBuildFile; fileRef = DCD3F271294E07E8003484CA /* CryptoModelMapper.swift */; };
		DCD3F280294F4D4E003484CA /* LoadingStatus.swift in Sources */ = {isa = PBXBuildFile; fileRef = DCD3F27F294F4D4E003484CA /* LoadingStatus.swift */; };
		DCD3F281294F4D4E003484CA /* LoadingStatus.swift in Sources */ = {isa = PBXBuildFile; fileRef = DCD3F27F294F4D4E003484CA /* LoadingStatus.swift */; };
		DCD3F282294F4D4E003484CA /* LoadingStatus.swift in Sources */ = {isa = PBXBuildFile; fileRef = DCD3F27F294F4D4E003484CA /* LoadingStatus.swift */; };
		DCD3F289294FBB19003484CA /* ToastView.swift in Sources */ = {isa = PBXBuildFile; fileRef = DCD3F288294FBB19003484CA /* ToastView.swift */; };
		DCD3F28A294FBB19003484CA /* ToastView.swift in Sources */ = {isa = PBXBuildFile; fileRef = DCD3F288294FBB19003484CA /* ToastView.swift */; };
		DCD3F28B294FBB19003484CA /* ToastView.swift in Sources */ = {isa = PBXBuildFile; fileRef = DCD3F288294FBB19003484CA /* ToastView.swift */; };
		DCD3F28D2950CA11003484CA /* ErrorScreen.swift in Sources */ = {isa = PBXBuildFile; fileRef = DCD3F28C2950CA11003484CA /* ErrorScreen.swift */; };
		DCD3F28E2950CA11003484CA /* ErrorScreen.swift in Sources */ = {isa = PBXBuildFile; fileRef = DCD3F28C2950CA11003484CA /* ErrorScreen.swift */; };
		DCD3F28F2950CA11003484CA /* ErrorScreen.swift in Sources */ = {isa = PBXBuildFile; fileRef = DCD3F28C2950CA11003484CA /* ErrorScreen.swift */; };
		DCD3F2922951D1BB003484CA /* StringExtensions.swift in Sources */ = {isa = PBXBuildFile; fileRef = DCD3F2912951D1BA003484CA /* StringExtensions.swift */; };
		DCD3F2932951D1BB003484CA /* StringExtensions.swift in Sources */ = {isa = PBXBuildFile; fileRef = DCD3F2912951D1BA003484CA /* StringExtensions.swift */; };
		DCD3F2942951D1BB003484CA /* StringExtensions.swift in Sources */ = {isa = PBXBuildFile; fileRef = DCD3F2912951D1BA003484CA /* StringExtensions.swift */; };
/* End PBXBuildFile section */

/* Begin PBXContainerItemProxy section */
		DC058C2228F314F3001AA13F /* PBXContainerItemProxy */ = {
			isa = PBXContainerItemProxy;
			containerPortal = DC058C0928F314F1001AA13F /* Project object */;
			proxyType = 1;
			remoteGlobalIDString = DC058C1028F314F1001AA13F;
			remoteInfo = CyptoAppiOS;
		};
		DC058C2C28F314F3001AA13F /* PBXContainerItemProxy */ = {
			isa = PBXContainerItemProxy;
			containerPortal = DC058C0928F314F1001AA13F /* Project object */;
			proxyType = 1;
			remoteGlobalIDString = DC058C1028F314F1001AA13F;
			remoteInfo = CyptoAppiOS;
		};
/* End PBXContainerItemProxy section */

/* Begin PBXFileReference section */
		073D586133A14DBC76806F31 /* Pods-CyptoAppiOS-CyptoAppiOSUITests.release.xcconfig */ = {isa = PBXFileReference; includeInIndex = 1; lastKnownFileType = text.xcconfig; name = "Pods-CyptoAppiOS-CyptoAppiOSUITests.release.xcconfig"; path = "Target Support Files/Pods-CyptoAppiOS-CyptoAppiOSUITests/Pods-CyptoAppiOS-CyptoAppiOSUITests.release.xcconfig"; sourceTree = "<group>"; };
		12BC06FF78E9224799502B26 /* Pods_CyptoAppiOS.framework */ = {isa = PBXFileReference; explicitFileType = wrapper.framework; includeInIndex = 0; path = Pods_CyptoAppiOS.framework; sourceTree = BUILT_PRODUCTS_DIR; };
		690443FB5EA1CCB7D775E772 /* Pods_CyptoAppiOS_CyptoAppiOSUITests.framework */ = {isa = PBXFileReference; explicitFileType = wrapper.framework; includeInIndex = 0; path = Pods_CyptoAppiOS_CyptoAppiOSUITests.framework; sourceTree = BUILT_PRODUCTS_DIR; };
		90B5DB972546C0F79EE756D9 /* Pods-CyptoAppiOSTests.release.xcconfig */ = {isa = PBXFileReference; includeInIndex = 1; lastKnownFileType = text.xcconfig; name = "Pods-CyptoAppiOSTests.release.xcconfig"; path = "Target Support Files/Pods-CyptoAppiOSTests/Pods-CyptoAppiOSTests.release.xcconfig"; sourceTree = "<group>"; };
		9B0FCCAA95811765B2FFF0B9 /* Pods_CyptoAppiOSTests.framework */ = {isa = PBXFileReference; explicitFileType = wrapper.framework; includeInIndex = 0; path = Pods_CyptoAppiOSTests.framework; sourceTree = BUILT_PRODUCTS_DIR; };
		B0709981850D2E17660ED757 /* Pods-CyptoAppiOS.release.xcconfig */ = {isa = PBXFileReference; includeInIndex = 1; lastKnownFileType = text.xcconfig; name = "Pods-CyptoAppiOS.release.xcconfig"; path = "Target Support Files/Pods-CyptoAppiOS/Pods-CyptoAppiOS.release.xcconfig"; sourceTree = "<group>"; };
		C129E6DB6EDFAA8E1E0964B5 /* Pods-CyptoAppiOS.debug.xcconfig */ = {isa = PBXFileReference; includeInIndex = 1; lastKnownFileType = text.xcconfig; name = "Pods-CyptoAppiOS.debug.xcconfig"; path = "Target Support Files/Pods-CyptoAppiOS/Pods-CyptoAppiOS.debug.xcconfig"; sourceTree = "<group>"; };
		D0DF6133E53C9BAE0CFA8A4C /* Pods-CyptoAppiOSTests.debug.xcconfig */ = {isa = PBXFileReference; includeInIndex = 1; lastKnownFileType = text.xcconfig; name = "Pods-CyptoAppiOSTests.debug.xcconfig"; path = "Target Support Files/Pods-CyptoAppiOSTests/Pods-CyptoAppiOSTests.debug.xcconfig"; sourceTree = "<group>"; };
		D1216F0174D79E212C3E1668 /* Pods-CyptoAppiOS-CyptoAppiOSUITests.debug.xcconfig */ = {isa = PBXFileReference; includeInIndex = 1; lastKnownFileType = text.xcconfig; name = "Pods-CyptoAppiOS-CyptoAppiOSUITests.debug.xcconfig"; path = "Target Support Files/Pods-CyptoAppiOS-CyptoAppiOSUITests/Pods-CyptoAppiOS-CyptoAppiOSUITests.debug.xcconfig"; sourceTree = "<group>"; };
		DC058C1128F314F1001AA13F /* CyptoAppiOS.app */ = {isa = PBXFileReference; explicitFileType = wrapper.application; includeInIndex = 0; path = CyptoAppiOS.app; sourceTree = BUILT_PRODUCTS_DIR; };
		DC058C1428F314F1001AA13F /* CyptoAppiOSApp.swift */ = {isa = PBXFileReference; lastKnownFileType = sourcecode.swift; path = CyptoAppiOSApp.swift; sourceTree = "<group>"; };
		DC058C1628F314F1001AA13F /* CryptoFeatureView.swift */ = {isa = PBXFileReference; lastKnownFileType = sourcecode.swift; path = CryptoFeatureView.swift; sourceTree = "<group>"; };
		DC058C1828F314F3001AA13F /* Assets.xcassets */ = {isa = PBXFileReference; lastKnownFileType = folder.assetcatalog; path = Assets.xcassets; sourceTree = "<group>"; };
		DC058C1B28F314F3001AA13F /* Preview Assets.xcassets */ = {isa = PBXFileReference; lastKnownFileType = folder.assetcatalog; path = "Preview Assets.xcassets"; sourceTree = "<group>"; };
		DC058C2128F314F3001AA13F /* CyptoAppiOSTests.xctest */ = {isa = PBXFileReference; explicitFileType = wrapper.cfbundle; includeInIndex = 0; path = CyptoAppiOSTests.xctest; sourceTree = BUILT_PRODUCTS_DIR; };
		DC058C2528F314F3001AA13F /* CyptoAppiOSTests.swift */ = {isa = PBXFileReference; lastKnownFileType = sourcecode.swift; path = CyptoAppiOSTests.swift; sourceTree = "<group>"; };
		DC058C2B28F314F3001AA13F /* CyptoAppiOSUITests.xctest */ = {isa = PBXFileReference; explicitFileType = wrapper.cfbundle; includeInIndex = 0; path = CyptoAppiOSUITests.xctest; sourceTree = BUILT_PRODUCTS_DIR; };
		DC058C2F28F314F3001AA13F /* CyptoAppiOSUITests.swift */ = {isa = PBXFileReference; lastKnownFileType = sourcecode.swift; path = CyptoAppiOSUITests.swift; sourceTree = "<group>"; };
		DC058C3128F314F3001AA13F /* CyptoAppiOSUITestsLaunchTests.swift */ = {isa = PBXFileReference; lastKnownFileType = sourcecode.swift; path = CyptoAppiOSUITestsLaunchTests.swift; sourceTree = "<group>"; };
		DC32597A2940F2C5001738C8 /* CryptoListViewModel.swift */ = {isa = PBXFileReference; lastKnownFileType = sourcecode.swift; path = CryptoListViewModel.swift; sourceTree = "<group>"; };
		DC32597F29413159001738C8 /* Crypto.swift */ = {isa = PBXFileReference; lastKnownFileType = sourcecode.swift; path = Crypto.swift; sourceTree = "<group>"; };
		DC325984294133C4001738C8 /* CryptoDataMock.swift */ = {isa = PBXFileReference; lastKnownFileType = sourcecode.swift; path = CryptoDataMock.swift; sourceTree = "<group>"; };
		DC32598A2941366E001738C8 /* CryptoComponent.swift */ = {isa = PBXFileReference; lastKnownFileType = sourcecode.swift; path = CryptoComponent.swift; sourceTree = "<group>"; };
		DC3259902941DF12001738C8 /* Color.swift */ = {isa = PBXFileReference; lastKnownFileType = sourcecode.swift; path = Color.swift; sourceTree = "<group>"; };
		DC3259942947A07C001738C8 /* CryptoDetailsComponent.swift */ = {isa = PBXFileReference; lastKnownFileType = sourcecode.swift; path = CryptoDetailsComponent.swift; sourceTree = "<group>"; };
		DC32599C2948A5BE001738C8 /* CryptoListScreen.swift */ = {isa = PBXFileReference; lastKnownFileType = sourcecode.swift; path = CryptoListScreen.swift; sourceTree = "<group>"; };
		DC3259A02948A710001738C8 /* CryptoDetailsScreen.swift */ = {isa = PBXFileReference; lastKnownFileType = sourcecode.swift; path = CryptoDetailsScreen.swift; sourceTree = "<group>"; };
		DC86C26E295603D600567514 /* Reducer.swift */ = {isa = PBXFileReference; lastKnownFileType = sourcecode.swift; path = Reducer.swift; sourceTree = "<group>"; };
		DC86C27229565AD800567514 /* Info.plist */ = {isa = PBXFileReference; lastKnownFileType = text.plist; path = Info.plist; sourceTree = "<group>"; };
		DCB80B04294A248A00189C53 /* CryptoDetailsViewModel.swift */ = {isa = PBXFileReference; lastKnownFileType = sourcecode.swift; path = CryptoDetailsViewModel.swift; sourceTree = "<group>"; };
		DCD3F271294E07E8003484CA /* CryptoModelMapper.swift */ = {isa = PBXFileReference; lastKnownFileType = sourcecode.swift; path = CryptoModelMapper.swift; sourceTree = "<group>"; };
		DCD3F27F294F4D4E003484CA /* LoadingStatus.swift */ = {isa = PBXFileReference; lastKnownFileType = sourcecode.swift; path = LoadingStatus.swift; sourceTree = "<group>"; };
		DCD3F288294FBB19003484CA /* ToastView.swift */ = {isa = PBXFileReference; lastKnownFileType = sourcecode.swift; path = ToastView.swift; sourceTree = "<group>"; };
		DCD3F28C2950CA11003484CA /* ErrorScreen.swift */ = {isa = PBXFileReference; lastKnownFileType = sourcecode.swift; path = ErrorScreen.swift; sourceTree = "<group>"; };
		DCD3F2912951D1BA003484CA /* StringExtensions.swift */ = {isa = PBXFileReference; lastKnownFileType = sourcecode.swift; path = StringExtensions.swift; sourceTree = "<group>"; };
/* End PBXFileReference section */

/* Begin PBXFrameworksBuildPhase section */
		DC058C0E28F314F1001AA13F /* Frameworks */ = {
			isa = PBXFrameworksBuildPhase;
			buildActionMask = 2147483647;
			files = (
				8FC1F788DF80E128B01D54ED /* Pods_CyptoAppiOS.framework in Frameworks */,
			);
			runOnlyForDeploymentPostprocessing = 0;
		};
		DC058C1E28F314F3001AA13F /* Frameworks */ = {
			isa = PBXFrameworksBuildPhase;
			buildActionMask = 2147483647;
			files = (
				1154ABAA8E91F4816B6DE54D /* Pods_CyptoAppiOSTests.framework in Frameworks */,
			);
			runOnlyForDeploymentPostprocessing = 0;
		};
		DC058C2828F314F3001AA13F /* Frameworks */ = {
			isa = PBXFrameworksBuildPhase;
			buildActionMask = 2147483647;
			files = (
				120BED4102E22A2A86DF515D /* Pods_CyptoAppiOS_CyptoAppiOSUITests.framework in Frameworks */,
			);
			runOnlyForDeploymentPostprocessing = 0;
		};
/* End PBXFrameworksBuildPhase section */

/* Begin PBXGroup section */
		4FCDD7C0D57231EB693E2B60 /* Pods */ = {
			isa = PBXGroup;
			children = (
				C129E6DB6EDFAA8E1E0964B5 /* Pods-CyptoAppiOS.debug.xcconfig */,
				B0709981850D2E17660ED757 /* Pods-CyptoAppiOS.release.xcconfig */,
				D1216F0174D79E212C3E1668 /* Pods-CyptoAppiOS-CyptoAppiOSUITests.debug.xcconfig */,
				073D586133A14DBC76806F31 /* Pods-CyptoAppiOS-CyptoAppiOSUITests.release.xcconfig */,
				D0DF6133E53C9BAE0CFA8A4C /* Pods-CyptoAppiOSTests.debug.xcconfig */,
				90B5DB972546C0F79EE756D9 /* Pods-CyptoAppiOSTests.release.xcconfig */,
			);
			path = Pods;
			sourceTree = "<group>";
		};
		7A27951DAFA9B16B6D406950 /* Frameworks */ = {
			isa = PBXGroup;
			children = (
				12BC06FF78E9224799502B26 /* Pods_CyptoAppiOS.framework */,
				690443FB5EA1CCB7D775E772 /* Pods_CyptoAppiOS_CyptoAppiOSUITests.framework */,
				9B0FCCAA95811765B2FFF0B9 /* Pods_CyptoAppiOSTests.framework */,
			);
			name = Frameworks;
			sourceTree = "<group>";
		};
		DC058C0828F314F1001AA13F = {
			isa = PBXGroup;
			children = (
				DC058C1328F314F1001AA13F /* CyptoAppiOS */,
				DC058C2428F314F3001AA13F /* CyptoAppiOSTests */,
				DC058C2E28F314F3001AA13F /* CyptoAppiOSUITests */,
				DC058C1228F314F1001AA13F /* Products */,
				4FCDD7C0D57231EB693E2B60 /* Pods */,
				7A27951DAFA9B16B6D406950 /* Frameworks */,
			);
			sourceTree = "<group>";
		};
		DC058C1228F314F1001AA13F /* Products */ = {
			isa = PBXGroup;
			children = (
				DC058C1128F314F1001AA13F /* CyptoAppiOS.app */,
				DC058C2128F314F3001AA13F /* CyptoAppiOSTests.xctest */,
				DC058C2B28F314F3001AA13F /* CyptoAppiOSUITests.xctest */,
			);
			name = Products;
			sourceTree = "<group>";
		};
		DC058C1328F314F1001AA13F /* CyptoAppiOS */ = {
			isa = PBXGroup;
			children = (
				DC86C27229565AD800567514 /* Info.plist */,
				DCD3F2902951D1A6003484CA /* Utils */,
				DCD3F275294E1972003484CA /* MVI */,
				DC32598E2941DEEE001738C8 /* DesignSystem */,
				DC3259782940F0F2001738C8 /* Crypto */,
				DC058C1428F314F1001AA13F /* CyptoAppiOSApp.swift */,
				DC058C1628F314F1001AA13F /* CryptoFeatureView.swift */,
				DC058C1828F314F3001AA13F /* Assets.xcassets */,
				DC058C1A28F314F3001AA13F /* Preview Content */,
			);
			path = CyptoAppiOS;
			sourceTree = "<group>";
		};
		DC058C1A28F314F3001AA13F /* Preview Content */ = {
			isa = PBXGroup;
			children = (
				DC058C1B28F314F3001AA13F /* Preview Assets.xcassets */,
			);
			path = "Preview Content";
			sourceTree = "<group>";
		};
		DC058C2428F314F3001AA13F /* CyptoAppiOSTests */ = {
			isa = PBXGroup;
			children = (
				DC058C2528F314F3001AA13F /* CyptoAppiOSTests.swift */,
			);
			path = CyptoAppiOSTests;
			sourceTree = "<group>";
		};
		DC058C2E28F314F3001AA13F /* CyptoAppiOSUITests */ = {
			isa = PBXGroup;
			children = (
				DC058C2F28F314F3001AA13F /* CyptoAppiOSUITests.swift */,
				DC058C3128F314F3001AA13F /* CyptoAppiOSUITestsLaunchTests.swift */,
			);
			path = CyptoAppiOSUITests;
			sourceTree = "<group>";
		};
		DC3259782940F0F2001738C8 /* Crypto */ = {
			isa = PBXGroup;
			children = (
				DC3259792940F276001738C8 /* ViewModel */,
				DC325988294135CB001738C8 /* UI */,
				DCD3F270294E07BA003484CA /* Mapper */,
				DC32597E29413142001738C8 /* Model */,
				DC325983294133A6001738C8 /* Mock */,
			);
			path = Crypto;
			sourceTree = "<group>";
		};
		DC3259792940F276001738C8 /* ViewModel */ = {
			isa = PBXGroup;
			children = (
				DC32597A2940F2C5001738C8 /* CryptoListViewModel.swift */,
				DCB80B04294A248A00189C53 /* CryptoDetailsViewModel.swift */,
			);
			path = ViewModel;
			sourceTree = "<group>";
		};
		DC32597E29413142001738C8 /* Model */ = {
			isa = PBXGroup;
			children = (
				DC32597F29413159001738C8 /* Crypto.swift */,
			);
			path = Model;
			sourceTree = "<group>";
		};
		DC325983294133A6001738C8 /* Mock */ = {
			isa = PBXGroup;
			children = (
				DC325984294133C4001738C8 /* CryptoDataMock.swift */,
			);
			path = Mock;
			sourceTree = "<group>";
		};
		DC325988294135CB001738C8 /* UI */ = {
			isa = PBXGroup;
			children = (
				DC325989294135D0001738C8 /* Component */,
				DC32599C2948A5BE001738C8 /* CryptoListScreen.swift */,
				DC3259A02948A710001738C8 /* CryptoDetailsScreen.swift */,
			);
			path = UI;
			sourceTree = "<group>";
		};
		DC325989294135D0001738C8 /* Component */ = {
			isa = PBXGroup;
			children = (
				DC32598A2941366E001738C8 /* CryptoComponent.swift */,
				DC3259942947A07C001738C8 /* CryptoDetailsComponent.swift */,
			);
			path = Component;
			sourceTree = "<group>";
		};
		DC32598E2941DEEE001738C8 /* DesignSystem */ = {
			isa = PBXGroup;
			children = (
				DC32598F2941DEFB001738C8 /* Theme */,
				DCD3F288294FBB19003484CA /* ToastView.swift */,
				DCD3F28C2950CA11003484CA /* ErrorScreen.swift */,
			);
			path = DesignSystem;
			sourceTree = "<group>";
		};
		DC32598F2941DEFB001738C8 /* Theme */ = {
			isa = PBXGroup;
			children = (
				DC3259902941DF12001738C8 /* Color.swift */,
			);
			path = Theme;
			sourceTree = "<group>";
		};
		DCD3F270294E07BA003484CA /* Mapper */ = {
			isa = PBXGroup;
			children = (
				DCD3F271294E07E8003484CA /* CryptoModelMapper.swift */,
			);
			path = Mapper;
			sourceTree = "<group>";
		};
		DCD3F275294E1972003484CA /* MVI */ = {
			isa = PBXGroup;
			children = (
				DCD3F27F294F4D4E003484CA /* LoadingStatus.swift */,
				DC86C26E295603D600567514 /* Reducer.swift */,
			);
			path = MVI;
			sourceTree = "<group>";
		};
		DCD3F2902951D1A6003484CA /* Utils */ = {
			isa = PBXGroup;
			children = (
				DCD3F2912951D1BA003484CA /* StringExtensions.swift */,
			);
			path = Utils;
			sourceTree = "<group>";
		};
/* End PBXGroup section */

/* Begin PBXNativeTarget section */
		DC058C1028F314F1001AA13F /* CyptoAppiOS */ = {
			isa = PBXNativeTarget;
			buildConfigurationList = DC058C3528F314F3001AA13F /* Build configuration list for PBXNativeTarget "CyptoAppiOS" */;
			buildPhases = (
				B033364F042F6B3C49CED109 /* [CP] Check Pods Manifest.lock */,
				DC058C0D28F314F1001AA13F /* Sources */,
				DC058C0E28F314F1001AA13F /* Frameworks */,
				DC058C0F28F314F1001AA13F /* Resources */,
				A3DB0DD529495D0C66705EF7 /* [CP] Embed Pods Frameworks */,
			);
			buildRules = (
			);
			dependencies = (
			);
			name = CyptoAppiOS;
			productName = CyptoAppiOS;
			productReference = DC058C1128F314F1001AA13F /* CyptoAppiOS.app */;
			productType = "com.apple.product-type.application";
		};
		DC058C2028F314F3001AA13F /* CyptoAppiOSTests */ = {
			isa = PBXNativeTarget;
			buildConfigurationList = DC058C3828F314F3001AA13F /* Build configuration list for PBXNativeTarget "CyptoAppiOSTests" */;
			buildPhases = (
				B92C1067C3ADEA9E244BF9D0 /* [CP] Check Pods Manifest.lock */,
				DC058C1D28F314F3001AA13F /* Sources */,
				DC058C1E28F314F3001AA13F /* Frameworks */,
				DC058C1F28F314F3001AA13F /* Resources */,
			);
			buildRules = (
			);
			dependencies = (
				DC058C2328F314F3001AA13F /* PBXTargetDependency */,
			);
			name = CyptoAppiOSTests;
			productName = CyptoAppiOSTests;
			productReference = DC058C2128F314F3001AA13F /* CyptoAppiOSTests.xctest */;
			productType = "com.apple.product-type.bundle.unit-test";
		};
		DC058C2A28F314F3001AA13F /* CyptoAppiOSUITests */ = {
			isa = PBXNativeTarget;
			buildConfigurationList = DC058C3B28F314F3001AA13F /* Build configuration list for PBXNativeTarget "CyptoAppiOSUITests" */;
			buildPhases = (
				2A73973B787016B4C1C991DD /* [CP] Check Pods Manifest.lock */,
				DC058C2728F314F3001AA13F /* Sources */,
				DC058C2828F314F3001AA13F /* Frameworks */,
				DC058C2928F314F3001AA13F /* Resources */,
				04D49C8E474EAD6EE161EB3F /* [CP] Embed Pods Frameworks */,
			);
			buildRules = (
			);
			dependencies = (
				DC058C2D28F314F3001AA13F /* PBXTargetDependency */,
			);
			name = CyptoAppiOSUITests;
			productName = CyptoAppiOSUITests;
			productReference = DC058C2B28F314F3001AA13F /* CyptoAppiOSUITests.xctest */;
			productType = "com.apple.product-type.bundle.ui-testing";
		};
/* End PBXNativeTarget section */

/* Begin PBXProject section */
		DC058C0928F314F1001AA13F /* Project object */ = {
			isa = PBXProject;
			attributes = {
				BuildIndependentTargetsInParallel = 1;
				LastSwiftUpdateCheck = 1300;
				LastUpgradeCheck = 1300;
				TargetAttributes = {
					DC058C1028F314F1001AA13F = {
						CreatedOnToolsVersion = 13.0;
					};
					DC058C2028F314F3001AA13F = {
						CreatedOnToolsVersion = 13.0;
						TestTargetID = DC058C1028F314F1001AA13F;
					};
					DC058C2A28F314F3001AA13F = {
						CreatedOnToolsVersion = 13.0;
						TestTargetID = DC058C1028F314F1001AA13F;
					};
				};
			};
			buildConfigurationList = DC058C0C28F314F1001AA13F /* Build configuration list for PBXProject "CyptoAppiOS" */;
			compatibilityVersion = "Xcode 13.0";
			developmentRegion = en;
			hasScannedForEncodings = 0;
			knownRegions = (
				en,
				Base,
			);
			mainGroup = DC058C0828F314F1001AA13F;
			productRefGroup = DC058C1228F314F1001AA13F /* Products */;
			projectDirPath = "";
			projectRoot = "";
			targets = (
				DC058C1028F314F1001AA13F /* CyptoAppiOS */,
				DC058C2028F314F3001AA13F /* CyptoAppiOSTests */,
				DC058C2A28F314F3001AA13F /* CyptoAppiOSUITests */,
			);
		};
/* End PBXProject section */

/* Begin PBXResourcesBuildPhase section */
		DC058C0F28F314F1001AA13F /* Resources */ = {
			isa = PBXResourcesBuildPhase;
			buildActionMask = 2147483647;
			files = (
				DC058C1C28F314F3001AA13F /* Preview Assets.xcassets in Resources */,
				DC058C1928F314F3001AA13F /* Assets.xcassets in Resources */,
			);
			runOnlyForDeploymentPostprocessing = 0;
		};
		DC058C1F28F314F3001AA13F /* Resources */ = {
			isa = PBXResourcesBuildPhase;
			buildActionMask = 2147483647;
			files = (
			);
			runOnlyForDeploymentPostprocessing = 0;
		};
		DC058C2928F314F3001AA13F /* Resources */ = {
			isa = PBXResourcesBuildPhase;
			buildActionMask = 2147483647;
			files = (
			);
			runOnlyForDeploymentPostprocessing = 0;
		};
/* End PBXResourcesBuildPhase section */

/* Begin PBXShellScriptBuildPhase section */
		04D49C8E474EAD6EE161EB3F /* [CP] Embed Pods Frameworks */ = {
			isa = PBXShellScriptBuildPhase;
			buildActionMask = 2147483647;
			files = (
			);
			inputFileListPaths = (
				"${PODS_ROOT}/Target Support Files/Pods-CyptoAppiOS-CyptoAppiOSUITests/Pods-CyptoAppiOS-CyptoAppiOSUITests-frameworks-${CONFIGURATION}-input-files.xcfilelist",
			);
			name = "[CP] Embed Pods Frameworks";
			outputFileListPaths = (
				"${PODS_ROOT}/Target Support Files/Pods-CyptoAppiOS-CyptoAppiOSUITests/Pods-CyptoAppiOS-CyptoAppiOSUITests-frameworks-${CONFIGURATION}-output-files.xcfilelist",
			);
			runOnlyForDeploymentPostprocessing = 0;
			shellPath = /bin/sh;
			shellScript = "\"${PODS_ROOT}/Target Support Files/Pods-CyptoAppiOS-CyptoAppiOSUITests/Pods-CyptoAppiOS-CyptoAppiOSUITests-frameworks.sh\"\n";
			showEnvVarsInLog = 0;
		};
		2A73973B787016B4C1C991DD /* [CP] Check Pods Manifest.lock */ = {
			isa = PBXShellScriptBuildPhase;
			buildActionMask = 2147483647;
			files = (
			);
			inputFileListPaths = (
			);
			inputPaths = (
				"${PODS_PODFILE_DIR_PATH}/Podfile.lock",
				"${PODS_ROOT}/Manifest.lock",
			);
			name = "[CP] Check Pods Manifest.lock";
			outputFileListPaths = (
			);
			outputPaths = (
				"$(DERIVED_FILE_DIR)/Pods-CyptoAppiOS-CyptoAppiOSUITests-checkManifestLockResult.txt",
			);
			runOnlyForDeploymentPostprocessing = 0;
			shellPath = /bin/sh;
			shellScript = "diff \"${PODS_PODFILE_DIR_PATH}/Podfile.lock\" \"${PODS_ROOT}/Manifest.lock\" > /dev/null\nif [ $? != 0 ] ; then\n    # print error to STDERR\n    echo \"error: The sandbox is not in sync with the Podfile.lock. Run 'pod install' or update your CocoaPods installation.\" >&2\n    exit 1\nfi\n# This output is used by Xcode 'outputs' to avoid re-running this script phase.\necho \"SUCCESS\" > \"${SCRIPT_OUTPUT_FILE_0}\"\n";
			showEnvVarsInLog = 0;
		};
		A3DB0DD529495D0C66705EF7 /* [CP] Embed Pods Frameworks */ = {
			isa = PBXShellScriptBuildPhase;
			buildActionMask = 2147483647;
			files = (
			);
			inputFileListPaths = (
				"${PODS_ROOT}/Target Support Files/Pods-CyptoAppiOS/Pods-CyptoAppiOS-frameworks-${CONFIGURATION}-input-files.xcfilelist",
			);
			name = "[CP] Embed Pods Frameworks";
			outputFileListPaths = (
				"${PODS_ROOT}/Target Support Files/Pods-CyptoAppiOS/Pods-CyptoAppiOS-frameworks-${CONFIGURATION}-output-files.xcfilelist",
			);
			runOnlyForDeploymentPostprocessing = 0;
			shellPath = /bin/sh;
			shellScript = "\"${PODS_ROOT}/Target Support Files/Pods-CyptoAppiOS/Pods-CyptoAppiOS-frameworks.sh\"\n";
			showEnvVarsInLog = 0;
		};
		B033364F042F6B3C49CED109 /* [CP] Check Pods Manifest.lock */ = {
			isa = PBXShellScriptBuildPhase;
			buildActionMask = 2147483647;
			files = (
			);
			inputFileListPaths = (
			);
			inputPaths = (
				"${PODS_PODFILE_DIR_PATH}/Podfile.lock",
				"${PODS_ROOT}/Manifest.lock",
			);
			name = "[CP] Check Pods Manifest.lock";
			outputFileListPaths = (
			);
			outputPaths = (
				"$(DERIVED_FILE_DIR)/Pods-CyptoAppiOS-checkManifestLockResult.txt",
			);
			runOnlyForDeploymentPostprocessing = 0;
			shellPath = /bin/sh;
			shellScript = "diff \"${PODS_PODFILE_DIR_PATH}/Podfile.lock\" \"${PODS_ROOT}/Manifest.lock\" > /dev/null\nif [ $? != 0 ] ; then\n    # print error to STDERR\n    echo \"error: The sandbox is not in sync with the Podfile.lock. Run 'pod install' or update your CocoaPods installation.\" >&2\n    exit 1\nfi\n# This output is used by Xcode 'outputs' to avoid re-running this script phase.\necho \"SUCCESS\" > \"${SCRIPT_OUTPUT_FILE_0}\"\n";
			showEnvVarsInLog = 0;
		};
		B92C1067C3ADEA9E244BF9D0 /* [CP] Check Pods Manifest.lock */ = {
			isa = PBXShellScriptBuildPhase;
			buildActionMask = 2147483647;
			files = (
			);
			inputFileListPaths = (
			);
			inputPaths = (
				"${PODS_PODFILE_DIR_PATH}/Podfile.lock",
				"${PODS_ROOT}/Manifest.lock",
			);
			name = "[CP] Check Pods Manifest.lock";
			outputFileListPaths = (
			);
			outputPaths = (
				"$(DERIVED_FILE_DIR)/Pods-CyptoAppiOSTests-checkManifestLockResult.txt",
			);
			runOnlyForDeploymentPostprocessing = 0;
			shellPath = /bin/sh;
			shellScript = "diff \"${PODS_PODFILE_DIR_PATH}/Podfile.lock\" \"${PODS_ROOT}/Manifest.lock\" > /dev/null\nif [ $? != 0 ] ; then\n    # print error to STDERR\n    echo \"error: The sandbox is not in sync with the Podfile.lock. Run 'pod install' or update your CocoaPods installation.\" >&2\n    exit 1\nfi\n# This output is used by Xcode 'outputs' to avoid re-running this script phase.\necho \"SUCCESS\" > \"${SCRIPT_OUTPUT_FILE_0}\"\n";
			showEnvVarsInLog = 0;
		};
/* End PBXShellScriptBuildPhase section */

/* Begin PBXSourcesBuildPhase section */
		DC058C0D28F314F1001AA13F /* Sources */ = {
			isa = PBXSourcesBuildPhase;
			buildActionMask = 2147483647;
			files = (
				DC32598029413159001738C8 /* Crypto.swift in Sources */,
				DCB80B05294A248A00189C53 /* CryptoDetailsViewModel.swift in Sources */,
				DC3259A12948A710001738C8 /* CryptoDetailsScreen.swift in Sources */,
				DC3259952947A07C001738C8 /* CryptoDetailsComponent.swift in Sources */,
				DCD3F289294FBB19003484CA /* ToastView.swift in Sources */,
				DC325985294133C4001738C8 /* CryptoDataMock.swift in Sources */,
				DCD3F28D2950CA11003484CA /* ErrorScreen.swift in Sources */,
				DCD3F272294E07E8003484CA /* CryptoModelMapper.swift in Sources */,
				DC3259912941DF12001738C8 /* Color.swift in Sources */,
				DC86C26F295603D600567514 /* Reducer.swift in Sources */,
				DC32598B2941366E001738C8 /* CryptoComponent.swift in Sources */,
				DC058C1728F314F1001AA13F /* CryptoFeatureView.swift in Sources */,
				DC32597B2940F2C5001738C8 /* CryptoListViewModel.swift in Sources */,
				DCD3F280294F4D4E003484CA /* LoadingStatus.swift in Sources */,
				DC058C1528F314F1001AA13F /* CyptoAppiOSApp.swift in Sources */,
				DC32599D2948A5BE001738C8 /* CryptoListScreen.swift in Sources */,
				DCD3F2922951D1BB003484CA /* StringExtensions.swift in Sources */,
			);
			runOnlyForDeploymentPostprocessing = 0;
		};
		DC058C1D28F314F3001AA13F /* Sources */ = {
			isa = PBXSourcesBuildPhase;
			buildActionMask = 2147483647;
			files = (
				DC325986294133C4001738C8 /* CryptoDataMock.swift in Sources */,
				DC32598129413159001738C8 /* Crypto.swift in Sources */,
				DC86C270295603D600567514 /* Reducer.swift in Sources */,
				DCD3F281294F4D4E003484CA /* LoadingStatus.swift in Sources */,
				DCB80B06294A248A00189C53 /* CryptoDetailsViewModel.swift in Sources */,
				DC058C2628F314F3001AA13F /* CyptoAppiOSTests.swift in Sources */,
				DCD3F273294E07E8003484CA /* CryptoModelMapper.swift in Sources */,
				DC32598C2941366E001738C8 /* CryptoComponent.swift in Sources */,
				DCD3F28E2950CA11003484CA /* ErrorScreen.swift in Sources */,
				DCD3F28A294FBB19003484CA /* ToastView.swift in Sources */,
				DC32597C2940F2C5001738C8 /* CryptoListViewModel.swift in Sources */,
				DC3259A22948A710001738C8 /* CryptoDetailsScreen.swift in Sources */,
				DC3259922941DF12001738C8 /* Color.swift in Sources */,
				DCD3F2932951D1BB003484CA /* StringExtensions.swift in Sources */,
				DC32599E2948A5BE001738C8 /* CryptoListScreen.swift in Sources */,
				DC3259962947A07C001738C8 /* CryptoDetailsComponent.swift in Sources */,
			);
			runOnlyForDeploymentPostprocessing = 0;
		};
		DC058C2728F314F3001AA13F /* Sources */ = {
			isa = PBXSourcesBuildPhase;
			buildActionMask = 2147483647;
			files = (
				DC32598229413159001738C8 /* Crypto.swift in Sources */,
				DCB80B07294A248A00189C53 /* CryptoDetailsViewModel.swift in Sources */,
				DC3259A32948A710001738C8 /* CryptoDetailsScreen.swift in Sources */,
				DC3259972947A07C001738C8 /* CryptoDetailsComponent.swift in Sources */,
				DCD3F28B294FBB19003484CA /* ToastView.swift in Sources */,
				DC325987294133C4001738C8 /* CryptoDataMock.swift in Sources */,
				DCD3F28F2950CA11003484CA /* ErrorScreen.swift in Sources */,
				DCD3F274294E07E8003484CA /* CryptoModelMapper.swift in Sources */,
				DC3259932941DF12001738C8 /* Color.swift in Sources */,
				DC86C271295603D600567514 /* Reducer.swift in Sources */,
				DC32598D2941366E001738C8 /* CryptoComponent.swift in Sources */,
				DC058C3228F314F3001AA13F /* CyptoAppiOSUITestsLaunchTests.swift in Sources */,
				DC32597D2940F2C5001738C8 /* CryptoListViewModel.swift in Sources */,
				DCD3F282294F4D4E003484CA /* LoadingStatus.swift in Sources */,
				DC058C3028F314F3001AA13F /* CyptoAppiOSUITests.swift in Sources */,
				DC32599F2948A5BE001738C8 /* CryptoListScreen.swift in Sources */,
				DCD3F2942951D1BB003484CA /* StringExtensions.swift in Sources */,
			);
			runOnlyForDeploymentPostprocessing = 0;
		};
/* End PBXSourcesBuildPhase section */

/* Begin PBXTargetDependency section */
		DC058C2328F314F3001AA13F /* PBXTargetDependency */ = {
			isa = PBXTargetDependency;
			target = DC058C1028F314F1001AA13F /* CyptoAppiOS */;
			targetProxy = DC058C2228F314F3001AA13F /* PBXContainerItemProxy */;
		};
		DC058C2D28F314F3001AA13F /* PBXTargetDependency */ = {
			isa = PBXTargetDependency;
			target = DC058C1028F314F1001AA13F /* CyptoAppiOS */;
			targetProxy = DC058C2C28F314F3001AA13F /* PBXContainerItemProxy */;
		};
/* End PBXTargetDependency section */

/* Begin XCBuildConfiguration section */
		DC058C3328F314F3001AA13F /* Debug */ = {
			isa = XCBuildConfiguration;
			buildSettings = {
				ALWAYS_SEARCH_USER_PATHS = NO;
				CLANG_ANALYZER_NONNULL = YES;
				CLANG_ANALYZER_NUMBER_OBJECT_CONVERSION = YES_AGGRESSIVE;
				CLANG_CXX_LANGUAGE_STANDARD = "gnu++17";
				CLANG_CXX_LIBRARY = "libc++";
				CLANG_ENABLE_MODULES = YES;
				CLANG_ENABLE_OBJC_ARC = YES;
				CLANG_ENABLE_OBJC_WEAK = YES;
				CLANG_WARN_BLOCK_CAPTURE_AUTORELEASING = YES;
				CLANG_WARN_BOOL_CONVERSION = YES;
				CLANG_WARN_COMMA = YES;
				CLANG_WARN_CONSTANT_CONVERSION = YES;
				CLANG_WARN_DEPRECATED_OBJC_IMPLEMENTATIONS = YES;
				CLANG_WARN_DIRECT_OBJC_ISA_USAGE = YES_ERROR;
				CLANG_WARN_DOCUMENTATION_COMMENTS = YES;
				CLANG_WARN_EMPTY_BODY = YES;
				CLANG_WARN_ENUM_CONVERSION = YES;
				CLANG_WARN_INFINITE_RECURSION = YES;
				CLANG_WARN_INT_CONVERSION = YES;
				CLANG_WARN_NON_LITERAL_NULL_CONVERSION = YES;
				CLANG_WARN_OBJC_IMPLICIT_RETAIN_SELF = YES;
				CLANG_WARN_OBJC_LITERAL_CONVERSION = YES;
				CLANG_WARN_OBJC_ROOT_CLASS = YES_ERROR;
				CLANG_WARN_QUOTED_INCLUDE_IN_FRAMEWORK_HEADER = YES;
				CLANG_WARN_RANGE_LOOP_ANALYSIS = YES;
				CLANG_WARN_STRICT_PROTOTYPES = YES;
				CLANG_WARN_SUSPICIOUS_MOVE = YES;
				CLANG_WARN_UNGUARDED_AVAILABILITY = YES_AGGRESSIVE;
				CLANG_WARN_UNREACHABLE_CODE = YES;
				CLANG_WARN__DUPLICATE_METHOD_MATCH = YES;
				COPY_PHASE_STRIP = NO;
				DEBUG_INFORMATION_FORMAT = dwarf;
				ENABLE_STRICT_OBJC_MSGSEND = YES;
				ENABLE_TESTABILITY = YES;
				GCC_C_LANGUAGE_STANDARD = gnu11;
				GCC_DYNAMIC_NO_PIC = NO;
				GCC_NO_COMMON_BLOCKS = YES;
				GCC_OPTIMIZATION_LEVEL = 0;
				GCC_PREPROCESSOR_DEFINITIONS = (
					"DEBUG=1",
					"$(inherited)",
				);
				GCC_WARN_64_TO_32_BIT_CONVERSION = YES;
				GCC_WARN_ABOUT_RETURN_TYPE = YES_ERROR;
				GCC_WARN_UNDECLARED_SELECTOR = YES;
				GCC_WARN_UNINITIALIZED_AUTOS = YES_AGGRESSIVE;
				GCC_WARN_UNUSED_FUNCTION = YES;
				GCC_WARN_UNUSED_VARIABLE = YES;
				IPHONEOS_DEPLOYMENT_TARGET = 15.0;
				MTL_ENABLE_DEBUG_INFO = INCLUDE_SOURCE;
				MTL_FAST_MATH = YES;
				ONLY_ACTIVE_ARCH = YES;
				SDKROOT = iphoneos;
				SWIFT_ACTIVE_COMPILATION_CONDITIONS = DEBUG;
				SWIFT_OPTIMIZATION_LEVEL = "-Onone";
			};
			name = Debug;
		};
		DC058C3428F314F3001AA13F /* Release */ = {
			isa = XCBuildConfiguration;
			buildSettings = {
				ALWAYS_SEARCH_USER_PATHS = NO;
				CLANG_ANALYZER_NONNULL = YES;
				CLANG_ANALYZER_NUMBER_OBJECT_CONVERSION = YES_AGGRESSIVE;
				CLANG_CXX_LANGUAGE_STANDARD = "gnu++17";
				CLANG_CXX_LIBRARY = "libc++";
				CLANG_ENABLE_MODULES = YES;
				CLANG_ENABLE_OBJC_ARC = YES;
				CLANG_ENABLE_OBJC_WEAK = YES;
				CLANG_WARN_BLOCK_CAPTURE_AUTORELEASING = YES;
				CLANG_WARN_BOOL_CONVERSION = YES;
				CLANG_WARN_COMMA = YES;
				CLANG_WARN_CONSTANT_CONVERSION = YES;
				CLANG_WARN_DEPRECATED_OBJC_IMPLEMENTATIONS = YES;
				CLANG_WARN_DIRECT_OBJC_ISA_USAGE = YES_ERROR;
				CLANG_WARN_DOCUMENTATION_COMMENTS = YES;
				CLANG_WARN_EMPTY_BODY = YES;
				CLANG_WARN_ENUM_CONVERSION = YES;
				CLANG_WARN_INFINITE_RECURSION = YES;
				CLANG_WARN_INT_CONVERSION = YES;
				CLANG_WARN_NON_LITERAL_NULL_CONVERSION = YES;
				CLANG_WARN_OBJC_IMPLICIT_RETAIN_SELF = YES;
				CLANG_WARN_OBJC_LITERAL_CONVERSION = YES;
				CLANG_WARN_OBJC_ROOT_CLASS = YES_ERROR;
				CLANG_WARN_QUOTED_INCLUDE_IN_FRAMEWORK_HEADER = YES;
				CLANG_WARN_RANGE_LOOP_ANALYSIS = YES;
				CLANG_WARN_STRICT_PROTOTYPES = YES;
				CLANG_WARN_SUSPICIOUS_MOVE = YES;
				CLANG_WARN_UNGUARDED_AVAILABILITY = YES_AGGRESSIVE;
				CLANG_WARN_UNREACHABLE_CODE = YES;
				CLANG_WARN__DUPLICATE_METHOD_MATCH = YES;
				COPY_PHASE_STRIP = NO;
				DEBUG_INFORMATION_FORMAT = "dwarf-with-dsym";
				ENABLE_NS_ASSERTIONS = NO;
				ENABLE_STRICT_OBJC_MSGSEND = YES;
				GCC_C_LANGUAGE_STANDARD = gnu11;
				GCC_NO_COMMON_BLOCKS = YES;
				GCC_WARN_64_TO_32_BIT_CONVERSION = YES;
				GCC_WARN_ABOUT_RETURN_TYPE = YES_ERROR;
				GCC_WARN_UNDECLARED_SELECTOR = YES;
				GCC_WARN_UNINITIALIZED_AUTOS = YES_AGGRESSIVE;
				GCC_WARN_UNUSED_FUNCTION = YES;
				GCC_WARN_UNUSED_VARIABLE = YES;
				IPHONEOS_DEPLOYMENT_TARGET = 15.0;
				MTL_ENABLE_DEBUG_INFO = NO;
				MTL_FAST_MATH = YES;
				SDKROOT = iphoneos;
				SWIFT_COMPILATION_MODE = wholemodule;
				SWIFT_OPTIMIZATION_LEVEL = "-O";
				VALIDATE_PRODUCT = YES;
			};
			name = Release;
		};
		DC058C3628F314F3001AA13F /* Debug */ = {
			isa = XCBuildConfiguration;
			baseConfigurationReference = C129E6DB6EDFAA8E1E0964B5 /* Pods-CyptoAppiOS.debug.xcconfig */;
			buildSettings = {
				ASSETCATALOG_COMPILER_APPICON_NAME = AppIcon;
				ASSETCATALOG_COMPILER_GLOBAL_ACCENT_COLOR_NAME = AccentColor;
				CODE_SIGN_STYLE = Automatic;
				CURRENT_PROJECT_VERSION = 1;
				DEVELOPMENT_ASSET_PATHS = "\"CyptoAppiOS/Preview Content\"";
				ENABLE_PREVIEWS = YES;
				GENERATE_INFOPLIST_FILE = YES;
				INFOPLIST_FILE = CyptoAppiOS/Info.plist;
				INFOPLIST_KEY_UIApplicationSceneManifest_Generation = YES;
				INFOPLIST_KEY_UIApplicationSupportsIndirectInputEvents = YES;
				INFOPLIST_KEY_UILaunchScreen_Generation = YES;
				INFOPLIST_KEY_UISupportedInterfaceOrientations_iPad = "UIInterfaceOrientationPortrait UIInterfaceOrientationPortraitUpsideDown UIInterfaceOrientationLandscapeLeft UIInterfaceOrientationLandscapeRight";
				INFOPLIST_KEY_UISupportedInterfaceOrientations_iPhone = "UIInterfaceOrientationPortrait UIInterfaceOrientationLandscapeLeft UIInterfaceOrientationLandscapeRight";
				IPHONEOS_DEPLOYMENT_TARGET = 15.0;
				LD_RUNPATH_SEARCH_PATHS = (
					"$(inherited)",
					"@executable_path/Frameworks",
				);
				MARKETING_VERSION = 1.0;
				PRODUCT_BUNDLE_IDENTIFIER = OHoussein.CyptoAppiOS;
				PRODUCT_NAME = "$(TARGET_NAME)";
				SWIFT_EMIT_LOC_STRINGS = YES;
				SWIFT_VERSION = 5.0;
				TARGETED_DEVICE_FAMILY = "1,2";
			};
			name = Debug;
		};
		DC058C3728F314F3001AA13F /* Release */ = {
			isa = XCBuildConfiguration;
			baseConfigurationReference = B0709981850D2E17660ED757 /* Pods-CyptoAppiOS.release.xcconfig */;
			buildSettings = {
				ASSETCATALOG_COMPILER_APPICON_NAME = AppIcon;
				ASSETCATALOG_COMPILER_GLOBAL_ACCENT_COLOR_NAME = AccentColor;
				CODE_SIGN_STYLE = Automatic;
				CURRENT_PROJECT_VERSION = 1;
				DEVELOPMENT_ASSET_PATHS = "\"CyptoAppiOS/Preview Content\"";
				ENABLE_PREVIEWS = YES;
				GENERATE_INFOPLIST_FILE = YES;
				INFOPLIST_FILE = CyptoAppiOS/Info.plist;
				INFOPLIST_KEY_UIApplicationSceneManifest_Generation = YES;
				INFOPLIST_KEY_UIApplicationSupportsIndirectInputEvents = YES;
				INFOPLIST_KEY_UILaunchScreen_Generation = YES;
				INFOPLIST_KEY_UISupportedInterfaceOrientations_iPad = "UIInterfaceOrientationPortrait UIInterfaceOrientationPortraitUpsideDown UIInterfaceOrientationLandscapeLeft UIInterfaceOrientationLandscapeRight";
				INFOPLIST_KEY_UISupportedInterfaceOrientations_iPhone = "UIInterfaceOrientationPortrait UIInterfaceOrientationLandscapeLeft UIInterfaceOrientationLandscapeRight";
				IPHONEOS_DEPLOYMENT_TARGET = 15.0;
				LD_RUNPATH_SEARCH_PATHS = (
					"$(inherited)",
					"@executable_path/Frameworks",
				);
				MARKETING_VERSION = 1.0;
				PRODUCT_BUNDLE_IDENTIFIER = OHoussein.CyptoAppiOS;
				PRODUCT_NAME = "$(TARGET_NAME)";
				SWIFT_EMIT_LOC_STRINGS = YES;
				SWIFT_VERSION = 5.0;
				TARGETED_DEVICE_FAMILY = "1,2";
			};
			name = Release;
		};
		DC058C3928F314F3001AA13F /* Debug */ = {
			isa = XCBuildConfiguration;
			baseConfigurationReference = D0DF6133E53C9BAE0CFA8A4C /* Pods-CyptoAppiOSTests.debug.xcconfig */;
			buildSettings = {
				ALWAYS_EMBED_SWIFT_STANDARD_LIBRARIES = YES;
				BUNDLE_LOADER = "$(TEST_HOST)";
				CODE_SIGN_STYLE = Automatic;
				CURRENT_PROJECT_VERSION = 1;
				GENERATE_INFOPLIST_FILE = YES;
				IPHONEOS_DEPLOYMENT_TARGET = 15.0;
				LD_RUNPATH_SEARCH_PATHS = (
					"$(inherited)",
					"@executable_path/Frameworks",
					"@loader_path/Frameworks",
				);
				MARKETING_VERSION = 1.0;
				PRODUCT_BUNDLE_IDENTIFIER = OHoussein.CyptoAppiOSTests;
				PRODUCT_NAME = "$(TARGET_NAME)";
				SWIFT_EMIT_LOC_STRINGS = NO;
				SWIFT_VERSION = 5.0;
				TARGETED_DEVICE_FAMILY = "1,2";
				TEST_HOST = "$(BUILT_PRODUCTS_DIR)/CyptoAppiOS.app/CyptoAppiOS";
			};
			name = Debug;
		};
		DC058C3A28F314F3001AA13F /* Release */ = {
			isa = XCBuildConfiguration;
			baseConfigurationReference = 90B5DB972546C0F79EE756D9 /* Pods-CyptoAppiOSTests.release.xcconfig */;
			buildSettings = {
				ALWAYS_EMBED_SWIFT_STANDARD_LIBRARIES = YES;
				BUNDLE_LOADER = "$(TEST_HOST)";
				CODE_SIGN_STYLE = Automatic;
				CURRENT_PROJECT_VERSION = 1;
				GENERATE_INFOPLIST_FILE = YES;
				IPHONEOS_DEPLOYMENT_TARGET = 15.0;
				LD_RUNPATH_SEARCH_PATHS = (
					"$(inherited)",
					"@executable_path/Frameworks",
					"@loader_path/Frameworks",
				);
				MARKETING_VERSION = 1.0;
				PRODUCT_BUNDLE_IDENTIFIER = OHoussein.CyptoAppiOSTests;
				PRODUCT_NAME = "$(TARGET_NAME)";
				SWIFT_EMIT_LOC_STRINGS = NO;
				SWIFT_VERSION = 5.0;
				TARGETED_DEVICE_FAMILY = "1,2";
				TEST_HOST = "$(BUILT_PRODUCTS_DIR)/CyptoAppiOS.app/CyptoAppiOS";
			};
			name = Release;
		};
		DC058C3C28F314F3001AA13F /* Debug */ = {
			isa = XCBuildConfiguration;
			baseConfigurationReference = D1216F0174D79E212C3E1668 /* Pods-CyptoAppiOS-CyptoAppiOSUITests.debug.xcconfig */;
			buildSettings = {
				ALWAYS_EMBED_SWIFT_STANDARD_LIBRARIES = YES;
				CODE_SIGN_STYLE = Automatic;
				CURRENT_PROJECT_VERSION = 1;
				GENERATE_INFOPLIST_FILE = YES;
				LD_RUNPATH_SEARCH_PATHS = (
					"$(inherited)",
					"@executable_path/Frameworks",
					"@loader_path/Frameworks",
				);
				MARKETING_VERSION = 1.0;
				PRODUCT_BUNDLE_IDENTIFIER = OHoussein.CyptoAppiOSUITests;
				PRODUCT_NAME = "$(TARGET_NAME)";
				SWIFT_EMIT_LOC_STRINGS = NO;
				SWIFT_VERSION = 5.0;
				TARGETED_DEVICE_FAMILY = "1,2";
				TEST_TARGET_NAME = CyptoAppiOS;
			};
			name = Debug;
		};
		DC058C3D28F314F3001AA13F /* Release */ = {
			isa = XCBuildConfiguration;
			baseConfigurationReference = 073D586133A14DBC76806F31 /* Pods-CyptoAppiOS-CyptoAppiOSUITests.release.xcconfig */;
			buildSettings = {
				ALWAYS_EMBED_SWIFT_STANDARD_LIBRARIES = YES;
				CODE_SIGN_STYLE = Automatic;
				CURRENT_PROJECT_VERSION = 1;
				GENERATE_INFOPLIST_FILE = YES;
				LD_RUNPATH_SEARCH_PATHS = (
					"$(inherited)",
					"@executable_path/Frameworks",
					"@loader_path/Frameworks",
				);
				MARKETING_VERSION = 1.0;
				PRODUCT_BUNDLE_IDENTIFIER = OHoussein.CyptoAppiOSUITests;
				PRODUCT_NAME = "$(TARGET_NAME)";
				SWIFT_EMIT_LOC_STRINGS = NO;
				SWIFT_VERSION = 5.0;
				TARGETED_DEVICE_FAMILY = "1,2";
				TEST_TARGET_NAME = CyptoAppiOS;
			};
			name = Release;
		};
/* End XCBuildConfiguration section */

/* Begin XCConfigurationList section */
		DC058C0C28F314F1001AA13F /* Build configuration list for PBXProject "CyptoAppiOS" */ = {
			isa = XCConfigurationList;
			buildConfigurations = (
				DC058C3328F314F3001AA13F /* Debug */,
				DC058C3428F314F3001AA13F /* Release */,
			);
			defaultConfigurationIsVisible = 0;
			defaultConfigurationName = Release;
		};
		DC058C3528F314F3001AA13F /* Build configuration list for PBXNativeTarget "CyptoAppiOS" */ = {
			isa = XCConfigurationList;
			buildConfigurations = (
				DC058C3628F314F3001AA13F /* Debug */,
				DC058C3728F314F3001AA13F /* Release */,
			);
			defaultConfigurationIsVisible = 0;
			defaultConfigurationName = Release;
		};
		DC058C3828F314F3001AA13F /* Build configuration list for PBXNativeTarget "CyptoAppiOSTests" */ = {
			isa = XCConfigurationList;
			buildConfigurations = (
				DC058C3928F314F3001AA13F /* Debug */,
				DC058C3A28F314F3001AA13F /* Release */,
			);
			defaultConfigurationIsVisible = 0;
			defaultConfigurationName = Release;
		};
		DC058C3B28F314F3001AA13F /* Build configuration list for PBXNativeTarget "CyptoAppiOSUITests" */ = {
			isa = XCConfigurationList;
			buildConfigurations = (
				DC058C3C28F314F3001AA13F /* Debug */,
				DC058C3D28F314F3001AA13F /* Release */,
			);
			defaultConfigurationIsVisible = 0;
			defaultConfigurationName = Release;
		};
/* End XCConfigurationList section */
	};
	rootObject = DC058C0928F314F1001AA13F /* Project object */;
}
